
Microsoft Visual Studio Solution File, Format Version 12.00
# Visual Studio 15
Project("{FAE04EC0-301F-11D3-BF4B-00C04F79EFBC}") = "kiki", "Assembly-CSharp.csproj", "{E4707161-93EF-77A5-09EC-1B4D05D3DDA9}"
EndProject
Global
	GlobalSection(SolutionConfigurationPlatforms) = preSolution
		Debug|Any CPU = Debug|Any CPU
		Release|Any CPU = Release|Any CPU
	EndGlobalSection
	GlobalSection(ProjectConfigurationPlatforms) = postSolution
		{E4707161-93EF-77A5-09EC-1B4D05D3DDA9}.Debug|Any CPU.ActiveCfg = Debug|Any CPU
		{E4707161-93EF-77A5-09EC-1B4D05D3DDA9}.Debug|Any CPU.Build.0 = Debug|Any CPU
		{E4707161-93EF-77A5-09EC-1B4D05D3DDA9}.Release|Any CPU.ActiveCfg = Release|Any CPU
		{E4707161-93EF-77A5-09EC-1B4D05D3DDA9}.Release|Any CPU.Build.0 = Release|Any CPU
	EndGlobalSection
	GlobalSection(SolutionProperties) = preSolution
		HideSolutionNode = FALSE
	EndGlobalSection
EndGlobal
